// !$*UTF8*$!
{
	archiveVersion = 1;
	classes = {
	};
	objectVersion = 50;
	objects = {

/* Begin PBXBuildFile section */
		0359ECC823DE14DF00F4D326 /* AppDelegate.swift in Sources */ = {isa = PBXBuildFile; fileRef = 0359ECC723DE14DF00F4D326 /* AppDelegate.swift */; };
		0359ECCA23DE14DF00F4D326 /* SceneDelegate.swift in Sources */ = {isa = PBXBuildFile; fileRef = 0359ECC923DE14DF00F4D326 /* SceneDelegate.swift */; };
		0359ECCC23DE14DF00F4D326 /* ViewController.swift in Sources */ = {isa = PBXBuildFile; fileRef = 0359ECCB23DE14DF00F4D326 /* ViewController.swift */; };
		0359ECCF23DE14DF00F4D326 /* Main.storyboard in Resources */ = {isa = PBXBuildFile; fileRef = 0359ECCD23DE14DF00F4D326 /* Main.storyboard */; };
		0359ECD123DE14E300F4D326 /* Assets.xcassets in Resources */ = {isa = PBXBuildFile; fileRef = 0359ECD023DE14E300F4D326 /* Assets.xcassets */; };
		0359ECD423DE14E300F4D326 /* LaunchScreen.storyboard in Resources */ = {isa = PBXBuildFile; fileRef = 0359ECD223DE14E300F4D326 /* LaunchScreen.storyboard */; };
		03A1C07E23DF45D40002C003 /* DeepLabV3.mlmodel in Sources */ = {isa = PBXBuildFile; fileRef = 03A1C07D23DF45D30002C003 /* DeepLabV3.mlmodel */; };
		03A1C08E23DF465F0002C003 /* Math.swift in Sources */ = {isa = PBXBuildFile; fileRef = 03A1C08023DF465E0002C003 /* Math.swift */; };
		03A1C08F23DF465F0002C003 /* LICENSE.txt in Resources */ = {isa = PBXBuildFile; fileRef = 03A1C08123DF465E0002C003 /* LICENSE.txt */; };
		03A1C09023DF465F0002C003 /* UIImage+Extensions.swift in Sources */ = {isa = PBXBuildFile; fileRef = 03A1C08223DF465E0002C003 /* UIImage+Extensions.swift */; };
		03A1C09123DF465F0002C003 /* MLMultiArray+Helpers.swift in Sources */ = {isa = PBXBuildFile; fileRef = 03A1C08323DF465E0002C003 /* MLMultiArray+Helpers.swift */; };
		03A1C09223DF465F0002C003 /* CGImage+RawBytes.swift in Sources */ = {isa = PBXBuildFile; fileRef = 03A1C08423DF465E0002C003 /* CGImage+RawBytes.swift */; };
		03A1C09323DF465F0002C003 /* UIImage+CVPixelBuffer.swift in Sources */ = {isa = PBXBuildFile; fileRef = 03A1C08523DF465E0002C003 /* UIImage+CVPixelBuffer.swift */; };
		03A1C09423DF465F0002C003 /* NonMaxSuppression.swift in Sources */ = {isa = PBXBuildFile; fileRef = 03A1C08623DF465E0002C003 /* NonMaxSuppression.swift */; };
		03A1C09523DF465F0002C003 /* Predictions.swift in Sources */ = {isa = PBXBuildFile; fileRef = 03A1C08723DF465E0002C003 /* Predictions.swift */; };
		03A1C09623DF465F0002C003 /* CGImage+CVPixelBuffer.swift in Sources */ = {isa = PBXBuildFile; fileRef = 03A1C08823DF465E0002C003 /* CGImage+CVPixelBuffer.swift */; };
		03A1C09723DF465F0002C003 /* Array+Extensions.swift in Sources */ = {isa = PBXBuildFile; fileRef = 03A1C08923DF465E0002C003 /* Array+Extensions.swift */; };
		03A1C09823DF465F0002C003 /* UIImage+RawBytes.swift in Sources */ = {isa = PBXBuildFile; fileRef = 03A1C08A23DF465E0002C003 /* UIImage+RawBytes.swift */; };
		03A1C09923DF465F0002C003 /* CVPixelBuffer+Helpers.swift in Sources */ = {isa = PBXBuildFile; fileRef = 03A1C08B23DF465F0002C003 /* CVPixelBuffer+Helpers.swift */; };
		03A1C09A23DF465F0002C003 /* MLMultiArray+Image.swift in Sources */ = {isa = PBXBuildFile; fileRef = 03A1C08C23DF465F0002C003 /* MLMultiArray+Image.swift */; };
		03A1C09B23DF465F0002C003 /* CGImagePropertyOrientation.swift in Sources */ = {isa = PBXBuildFile; fileRef = 03A1C08D23DF465F0002C003 /* CGImagePropertyOrientation.swift */; };
/* End PBXBuildFile section */

/* Begin PBXFileReference section */
		0359ECC423DE14DF00F4D326 /* Stickies.app */ = {isa = PBXFileReference; explicitFileType = wrapper.application; includeInIndex = 0; path = Stickies.app; sourceTree = BUILT_PRODUCTS_DIR; };
		0359ECC723DE14DF00F4D326 /* AppDelegate.swift */ = {isa = PBXFileReference; lastKnownFileType = sourcecode.swift; path = AppDelegate.swift; sourceTree = "<group>"; };
		0359ECC923DE14DF00F4D326 /* SceneDelegate.swift */ = {isa = PBXFileReference; lastKnownFileType = sourcecode.swift; path = SceneDelegate.swift; sourceTree = "<group>"; };
		0359ECCB23DE14DF00F4D326 /* ViewController.swift */ = {isa = PBXFileReference; lastKnownFileType = sourcecode.swift; path = ViewController.swift; sourceTree = "<group>"; };
		0359ECCE23DE14DF00F4D326 /* Base */ = {isa = PBXFileReference; lastKnownFileType = file.storyboard; name = Base; path = Base.lproj/Main.storyboard; sourceTree = "<group>"; };
		0359ECD023DE14E300F4D326 /* Assets.xcassets */ = {isa = PBXFileReference; lastKnownFileType = folder.assetcatalog; path = Assets.xcassets; sourceTree = "<group>"; };
		0359ECD323DE14E300F4D326 /* Base */ = {isa = PBXFileReference; lastKnownFileType = file.storyboard; name = Base; path = Base.lproj/LaunchScreen.storyboard; sourceTree = "<group>"; };
		0359ECD523DE14E300F4D326 /* Info.plist */ = {isa = PBXFileReference; lastKnownFileType = text.plist.xml; path = Info.plist; sourceTree = "<group>"; };
		03A1C07D23DF45D30002C003 /* DeepLabV3.mlmodel */ = {isa = PBXFileReference; lastKnownFileType = file.mlmodel; path = DeepLabV3.mlmodel; sourceTree = "<group>"; };
		03A1C08023DF465E0002C003 /* Math.swift */ = {isa = PBXFileReference; fileEncoding = 4; lastKnownFileType = sourcecode.swift; path = Math.swift; sourceTree = "<group>"; };
		03A1C08123DF465E0002C003 /* LICENSE.txt */ = {isa = PBXFileReference; fileEncoding = 4; lastKnownFileType = text; path = LICENSE.txt; sourceTree = "<group>"; };
		03A1C08223DF465E0002C003 /* UIImage+Extensions.swift */ = {isa = PBXFileReference; fileEncoding = 4; lastKnownFileType = sourcecode.swift; path = "UIImage+Extensions.swift"; sourceTree = "<group>"; };
		03A1C08323DF465E0002C003 /* MLMultiArray+Helpers.swift */ = {isa = PBXFileReference; fileEncoding = 4; lastKnownFileType = sourcecode.swift; path = "MLMultiArray+Helpers.swift"; sourceTree = "<group>"; };
		03A1C08423DF465E0002C003 /* CGImage+RawBytes.swift */ = {isa = PBXFileReference; fileEncoding = 4; lastKnownFileType = sourcecode.swift; path = "CGImage+RawBytes.swift"; sourceTree = "<group>"; };
		03A1C08523DF465E0002C003 /* UIImage+CVPixelBuffer.swift */ = {isa = PBXFileReference; fileEncoding = 4; lastKnownFileType = sourcecode.swift; path = "UIImage+CVPixelBuffer.swift"; sourceTree = "<group>"; };
		03A1C08623DF465E0002C003 /* NonMaxSuppression.swift */ = {isa = PBXFileReference; fileEncoding = 4; lastKnownFileType = sourcecode.swift; path = NonMaxSuppression.swift; sourceTree = "<group>"; };
		03A1C08723DF465E0002C003 /* Predictions.swift */ = {isa = PBXFileReference; fileEncoding = 4; lastKnownFileType = sourcecode.swift; path = Predictions.swift; sourceTree = "<group>"; };
		03A1C08823DF465E0002C003 /* CGImage+CVPixelBuffer.swift */ = {isa = PBXFileReference; fileEncoding = 4; lastKnownFileType = sourcecode.swift; path = "CGImage+CVPixelBuffer.swift"; sourceTree = "<group>"; };
		03A1C08923DF465E0002C003 /* Array+Extensions.swift */ = {isa = PBXFileReference; fileEncoding = 4; lastKnownFileType = sourcecode.swift; path = "Array+Extensions.swift"; sourceTree = "<group>"; };
		03A1C08A23DF465E0002C003 /* UIImage+RawBytes.swift */ = {isa = PBXFileReference; fileEncoding = 4; lastKnownFileType = sourcecode.swift; path = "UIImage+RawBytes.swift"; sourceTree = "<group>"; };
		03A1C08B23DF465F0002C003 /* CVPixelBuffer+Helpers.swift */ = {isa = PBXFileReference; fileEncoding = 4; lastKnownFileType = sourcecode.swift; path = "CVPixelBuffer+Helpers.swift"; sourceTree = "<group>"; };
		03A1C08C23DF465F0002C003 /* MLMultiArray+Image.swift */ = {isa = PBXFileReference; fileEncoding = 4; lastKnownFileType = sourcecode.swift; path = "MLMultiArray+Image.swift"; sourceTree = "<group>"; };
		03A1C08D23DF465F0002C003 /* CGImagePropertyOrientation.swift */ = {isa = PBXFileReference; fileEncoding = 4; lastKnownFileType = sourcecode.swift; path = CGImagePropertyOrientation.swift; sourceTree = "<group>"; };
/* End PBXFileReference section */

/* Begin PBXFrameworksBuildPhase section */
		0359ECC123DE14DF00F4D326 /* Frameworks */ = {
			isa = PBXFrameworksBuildPhase;
			buildActionMask = 2147483647;
			files = (
			);
			runOnlyForDeploymentPostprocessing = 0;
		};
/* End PBXFrameworksBuildPhase section */

/* Begin PBXGroup section */
		0359ECBB23DE14DE00F4D326 = {
			isa = PBXGroup;
			children = (
				0359ECC623DE14DF00F4D326 /* Stickies */,
				0359ECC523DE14DF00F4D326 /* Products */,
			);
			sourceTree = "<group>";
		};
		0359ECC523DE14DF00F4D326 /* Products */ = {
			isa = PBXGroup;
			children = (
				0359ECC423DE14DF00F4D326 /* Stickies.app */,
			);
			name = Products;
			sourceTree = "<group>";
		};
		0359ECC623DE14DF00F4D326 /* Stickies */ = {
			isa = PBXGroup;
			children = (
				03A1C07823DF45760002C003 /* Helpers */,
				03A1C07723DF456C0002C003 /* Application */,
				03A1C07623DF455E0002C003 /* View */,
				03A1C07523DF45470002C003 /* Controller */,
				0359ECD523DE14E300F4D326 /* Info.plist */,
			);
			path = Stickies;
			sourceTree = "<group>";
		};
		03A1C07523DF45470002C003 /* Controller */ = {
			isa = PBXGroup;
			children = (
				0359ECCB23DE14DF00F4D326 /* ViewController.swift */,
			);
			path = Controller;
			sourceTree = "<group>";
		};
		03A1C07623DF455E0002C003 /* View */ = {
			isa = PBXGroup;
			children = (
				03A1C07A23DF45940002C003 /* Storyboards */,
				03A1C07923DF458A0002C003 /* Assets */,
			);
			path = View;
			sourceTree = "<group>";
		};
		03A1C07723DF456C0002C003 /* Application */ = {
			isa = PBXGroup;
			children = (
				0359ECC723DE14DF00F4D326 /* AppDelegate.swift */,
				0359ECC923DE14DF00F4D326 /* SceneDelegate.swift */,
			);
			path = Application;
			sourceTree = "<group>";
		};
		03A1C07823DF45760002C003 /* Helpers */ = {
			isa = PBXGroup;
			children = (
				03A1C07F23DF464F0002C003 /* CoreML Helpers */,
				03A1C07D23DF45D30002C003 /* DeepLabV3.mlmodel */,
			);
			path = Helpers;
			sourceTree = "<group>";
		};
		03A1C07923DF458A0002C003 /* Assets */ = {
			isa = PBXGroup;
			children = (
				0359ECD023DE14E300F4D326 /* Assets.xcassets */,
			);
			path = Assets;
			sourceTree = "<group>";
		};
		03A1C07A23DF45940002C003 /* Storyboards */ = {
			isa = PBXGroup;
			children = (
				0359ECCD23DE14DF00F4D326 /* Main.storyboard */,
				0359ECD223DE14E300F4D326 /* LaunchScreen.storyboard */,
			);
			path = Storyboards;
			sourceTree = "<group>";
		};
		03A1C07F23DF464F0002C003 /* CoreML Helpers */ = {
			isa = PBXGroup;
			children = (
				03A1C08923DF465E0002C003 /* Array+Extensions.swift */,
				03A1C08823DF465E0002C003 /* CGImage+CVPixelBuffer.swift */,
				03A1C08423DF465E0002C003 /* CGImage+RawBytes.swift */,
				03A1C08D23DF465F0002C003 /* CGImagePropertyOrientation.swift */,
				03A1C08B23DF465F0002C003 /* CVPixelBuffer+Helpers.swift */,
				03A1C08123DF465E0002C003 /* LICENSE.txt */,
				03A1C08023DF465E0002C003 /* Math.swift */,
				03A1C08323DF465E0002C003 /* MLMultiArray+Helpers.swift */,
				03A1C08C23DF465F0002C003 /* MLMultiArray+Image.swift */,
				03A1C08623DF465E0002C003 /* NonMaxSuppression.swift */,
				03A1C08723DF465E0002C003 /* Predictions.swift */,
				03A1C08523DF465E0002C003 /* UIImage+CVPixelBuffer.swift */,
				03A1C08223DF465E0002C003 /* UIImage+Extensions.swift */,
				03A1C08A23DF465E0002C003 /* UIImage+RawBytes.swift */,
			);
			path = "CoreML Helpers";
			sourceTree = "<group>";
		};
/* End PBXGroup section */

/* Begin PBXNativeTarget section */
		0359ECC323DE14DF00F4D326 /* Stickies */ = {
			isa = PBXNativeTarget;
			buildConfigurationList = 0359ECD823DE14E300F4D326 /* Build configuration list for PBXNativeTarget "Stickies" */;
			buildPhases = (
				0359ECC023DE14DF00F4D326 /* Sources */,
				0359ECC123DE14DF00F4D326 /* Frameworks */,
				0359ECC223DE14DF00F4D326 /* Resources */,
			);
			buildRules = (
			);
			dependencies = (
			);
			name = Stickies;
			productName = Stickies;
			productReference = 0359ECC423DE14DF00F4D326 /* Stickies.app */;
			productType = "com.apple.product-type.application";
		};
/* End PBXNativeTarget section */

/* Begin PBXProject section */
		0359ECBC23DE14DE00F4D326 /* Project object */ = {
			isa = PBXProject;
			attributes = {
				LastSwiftUpdateCheck = 1130;
				LastUpgradeCheck = 1130;
				ORGANIZATIONNAME = "Moazzam Tahir";
				TargetAttributes = {
					0359ECC323DE14DF00F4D326 = {
						CreatedOnToolsVersion = 11.3;
					};
				};
			};
			buildConfigurationList = 0359ECBF23DE14DE00F4D326 /* Build configuration list for PBXProject "Stickies" */;
			compatibilityVersion = "Xcode 9.3";
			developmentRegion = en;
			hasScannedForEncodings = 0;
			knownRegions = (
				en,
				Base,
			);
			mainGroup = 0359ECBB23DE14DE00F4D326;
			productRefGroup = 0359ECC523DE14DF00F4D326 /* Products */;
			projectDirPath = "";
			projectRoot = "";
			targets = (
				0359ECC323DE14DF00F4D326 /* Stickies */,
			);
		};
/* End PBXProject section */

/* Begin PBXResourcesBuildPhase section */
		0359ECC223DE14DF00F4D326 /* Resources */ = {
			isa = PBXResourcesBuildPhase;
			buildActionMask = 2147483647;
			files = (
				0359ECD423DE14E300F4D326 /* LaunchScreen.storyboard in Resources */,
				0359ECD123DE14E300F4D326 /* Assets.xcassets in Resources */,
				03A1C08F23DF465F0002C003 /* LICENSE.txt in Resources */,
				0359ECCF23DE14DF00F4D326 /* Main.storyboard in Resources */,
			);
			runOnlyForDeploymentPostprocessing = 0;
		};
/* End PBXResourcesBuildPhase section */

/* Begin PBXSourcesBuildPhase section */
		0359ECC023DE14DF00F4D326 /* Sources */ = {
			isa = PBXSourcesBuildPhase;
			buildActionMask = 2147483647;
			files = (
				03A1C09123DF465F0002C003 /* MLMultiArray+Helpers.swift in Sources */,
				0359ECCC23DE14DF00F4D326 /* ViewController.swift in Sources */,
				03A1C09823DF465F0002C003 /* UIImage+RawBytes.swift in Sources */,
				03A1C09223DF465F0002C003 /* CGImage+RawBytes.swift in Sources */,
				03A1C09A23DF465F0002C003 /* MLMultiArray+Image.swift in Sources */,
				03A1C09623DF465F0002C003 /* CGImage+CVPixelBuffer.swift in Sources */,
				0359ECC823DE14DF00F4D326 /* AppDelegate.swift in Sources */,
				03A1C09923DF465F0002C003 /* CVPixelBuffer+Helpers.swift in Sources */,
				0359ECCA23DE14DF00F4D326 /* SceneDelegate.swift in Sources */,
				03A1C09023DF465F0002C003 /* UIImage+Extensions.swift in Sources */,
				03A1C09523DF465F0002C003 /* Predictions.swift in Sources */,
				03A1C07E23DF45D40002C003 /* DeepLabV3.mlmodel in Sources */,
				03A1C09723DF465F0002C003 /* Array+Extensions.swift in Sources */,
				03A1C09323DF465F0002C003 /* UIImage+CVPixelBuffer.swift in Sources */,
				03A1C09423DF465F0002C003 /* NonMaxSuppression.swift in Sources */,
				03A1C09B23DF465F0002C003 /* CGImagePropertyOrientation.swift in Sources */,
				03A1C08E23DF465F0002C003 /* Math.swift in Sources */,
			);
			runOnlyForDeploymentPostprocessing = 0;
		};
/* End PBXSourcesBuildPhase section */

/* Begin PBXVariantGroup section */
		0359ECCD23DE14DF00F4D326 /* Main.storyboard */ = {
			isa = PBXVariantGroup;
			children = (
				0359ECCE23DE14DF00F4D326 /* Base */,
			);
			name = Main.storyboard;
			sourceTree = "<group>";
		};
		0359ECD223DE14E300F4D326 /* LaunchScreen.storyboard */ = {
			isa = PBXVariantGroup;
			children = (
				0359ECD323DE14E300F4D326 /* Base */,
			);
			name = LaunchScreen.storyboard;
			sourceTree = "<group>";
		};
/* End PBXVariantGroup section */

/* Begin XCBuildConfiguration section */
		0359ECD623DE14E300F4D326 /* Debug */ = {
			isa = XCBuildConfiguration;
			buildSettings = {
				ALWAYS_SEARCH_USER_PATHS = NO;
				CLANG_ANALYZER_NONNULL = YES;
				CLANG_ANALYZER_NUMBER_OBJECT_CONVERSION = YES_AGGRESSIVE;
				CLANG_CXX_LANGUAGE_STANDARD = "gnu++14";
				CLANG_CXX_LIBRARY = "libc++";
				CLANG_ENABLE_MODULES = YES;
				CLANG_ENABLE_OBJC_ARC = YES;
				CLANG_ENABLE_OBJC_WEAK = YES;
				CLANG_WARN_BLOCK_CAPTURE_AUTORELEASING = YES;
				CLANG_WARN_BOOL_CONVERSION = YES;
				CLANG_WARN_COMMA = YES;
				CLANG_WARN_CONSTANT_CONVERSION = YES;
				CLANG_WARN_DEPRECATED_OBJC_IMPLEMENTATIONS = YES;
				CLANG_WARN_DIRECT_OBJC_ISA_USAGE = YES_ERROR;
				CLANG_WARN_DOCUMENTATION_COMMENTS = YES;
				CLANG_WARN_EMPTY_BODY = YES;
				CLANG_WARN_ENUM_CONVERSION = YES;
				CLANG_WARN_INFINITE_RECURSION = YES;
				CLANG_WARN_INT_CONVERSION = YES;
				CLANG_WARN_NON_LITERAL_NULL_CONVERSION = YES;
				CLANG_WARN_OBJC_IMPLICIT_RETAIN_SELF = YES;
				CLANG_WARN_OBJC_LITERAL_CONVERSION = YES;
				CLANG_WARN_OBJC_ROOT_CLASS = YES_ERROR;
				CLANG_WARN_RANGE_LOOP_ANALYSIS = YES;
				CLANG_WARN_STRICT_PROTOTYPES = YES;
				CLANG_WARN_SUSPICIOUS_MOVE = YES;
				CLANG_WARN_UNGUARDED_AVAILABILITY = YES_AGGRESSIVE;
				CLANG_WARN_UNREACHABLE_CODE = YES;
				CLANG_WARN__DUPLICATE_METHOD_MATCH = YES;
				COPY_PHASE_STRIP = NO;
				DEBUG_INFORMATION_FORMAT = dwarf;
				ENABLE_STRICT_OBJC_MSGSEND = YES;
				ENABLE_TESTABILITY = YES;
				GCC_C_LANGUAGE_STANDARD = gnu11;
				GCC_DYNAMIC_NO_PIC = NO;
				GCC_NO_COMMON_BLOCKS = YES;
				GCC_OPTIMIZATION_LEVEL = 0;
				GCC_PREPROCESSOR_DEFINITIONS = (
					"DEBUG=1",
					"$(inherited)",
				);
				GCC_WARN_64_TO_32_BIT_CONVERSION = YES;
				GCC_WARN_ABOUT_RETURN_TYPE = YES_ERROR;
				GCC_WARN_UNDECLARED_SELECTOR = YES;
				GCC_WARN_UNINITIALIZED_AUTOS = YES_AGGRESSIVE;
				GCC_WARN_UNUSED_FUNCTION = YES;
				GCC_WARN_UNUSED_VARIABLE = YES;
				IPHONEOS_DEPLOYMENT_TARGET = 13.2;
				MTL_ENABLE_DEBUG_INFO = INCLUDE_SOURCE;
				MTL_FAST_MATH = YES;
				ONLY_ACTIVE_ARCH = YES;
				SDKROOT = iphoneos;
				SWIFT_ACTIVE_COMPILATION_CONDITIONS = DEBUG;
				SWIFT_OPTIMIZATION_LEVEL = "-Onone";
			};
			name = Debug;
		};
		0359ECD723DE14E300F4D326 /* Release */ = {
			isa = XCBuildConfiguration;
			buildSettings = {
				ALWAYS_SEARCH_USER_PATHS = NO;
				CLANG_ANALYZER_NONNULL = YES;
				CLANG_ANALYZER_NUMBER_OBJECT_CONVERSION = YES_AGGRESSIVE;
				CLANG_CXX_LANGUAGE_STANDARD = "gnu++14";
				CLANG_CXX_LIBRARY = "libc++";
				CLANG_ENABLE_MODULES = YES;
				CLANG_ENABLE_OBJC_ARC = YES;
				CLANG_ENABLE_OBJC_WEAK = YES;
				CLANG_WARN_BLOCK_CAPTURE_AUTORELEASING = YES;
				CLANG_WARN_BOOL_CONVERSION = YES;
				CLANG_WARN_COMMA = YES;
				CLANG_WARN_CONSTANT_CONVERSION = YES;
				CLANG_WARN_DEPRECATED_OBJC_IMPLEMENTATIONS = YES;
				CLANG_WARN_DIRECT_OBJC_ISA_USAGE = YES_ERROR;
				CLANG_WARN_DOCUMENTATION_COMMENTS = YES;
				CLANG_WARN_EMPTY_BODY = YES;
				CLANG_WARN_ENUM_CONVERSION = YES;
				CLANG_WARN_INFINITE_RECURSION = YES;
				CLANG_WARN_INT_CONVERSION = YES;
				CLANG_WARN_NON_LITERAL_NULL_CONVERSION = YES;
				CLANG_WARN_OBJC_IMPLICIT_RETAIN_SELF = YES;
				CLANG_WARN_OBJC_LITERAL_CONVERSION = YES;
				CLANG_WARN_OBJC_ROOT_CLASS = YES_ERROR;
				CLANG_WARN_RANGE_LOOP_ANALYSIS = YES;
				CLANG_WARN_STRICT_PROTOTYPES = YES;
				CLANG_WARN_SUSPICIOUS_MOVE = YES;
				CLANG_WARN_UNGUARDED_AVAILABILITY = YES_AGGRESSIVE;
				CLANG_WARN_UNREACHABLE_CODE = YES;
				CLANG_WARN__DUPLICATE_METHOD_MATCH = YES;
				COPY_PHASE_STRIP = NO;
				DEBUG_INFORMATION_FORMAT = "dwarf-with-dsym";
				ENABLE_NS_ASSERTIONS = NO;
				ENABLE_STRICT_OBJC_MSGSEND = YES;
				GCC_C_LANGUAGE_STANDARD = gnu11;
				GCC_NO_COMMON_BLOCKS = YES;
				GCC_WARN_64_TO_32_BIT_CONVERSION = YES;
				GCC_WARN_ABOUT_RETURN_TYPE = YES_ERROR;
				GCC_WARN_UNDECLARED_SELECTOR = YES;
				GCC_WARN_UNINITIALIZED_AUTOS = YES_AGGRESSIVE;
				GCC_WARN_UNUSED_FUNCTION = YES;
				GCC_WARN_UNUSED_VARIABLE = YES;
				IPHONEOS_DEPLOYMENT_TARGET = 13.2;
				MTL_ENABLE_DEBUG_INFO = NO;
				MTL_FAST_MATH = YES;
				SDKROOT = iphoneos;
				SWIFT_COMPILATION_MODE = wholemodule;
				SWIFT_OPTIMIZATION_LEVEL = "-O";
				VALIDATE_PRODUCT = YES;
			};
			name = Release;
		};
		0359ECD923DE14E300F4D326 /* Debug */ = {
			isa = XCBuildConfiguration;
			buildSettings = {
				ASSETCATALOG_COMPILER_APPICON_NAME = AppIcon;
				CODE_SIGN_STYLE = Automatic;
				DEVELOPMENT_TEAM = S7J2AQ3ASG;
				INFOPLIST_FILE = Stickies/Info.plist;
				LD_RUNPATH_SEARCH_PATHS = (
					"$(inherited)",
					"@executable_path/Frameworks",
				);
				PRODUCT_BUNDLE_IDENTIFIER = com.developersden.Stickies;
				PRODUCT_NAME = "$(TARGET_NAME)";
				SWIFT_VERSION = 5.0;
				TARGETED_DEVICE_FAMILY = 1;
			};
			name = Debug;
		};
		0359ECDA23DE14E300F4D326 /* Release */ = {
			isa = XCBuildConfiguration;
			buildSettings = {
				ASSETCATALOG_COMPILER_APPICON_NAME = AppIcon;
				CODE_SIGN_STYLE = Automatic;
				DEVELOPMENT_TEAM = S7J2AQ3ASG;
				INFOPLIST_FILE = Stickies/Info.plist;
				LD_RUNPATH_SEARCH_PATHS = (
					"$(inherited)",
					"@executable_path/Frameworks",
				);
				PRODUCT_BUNDLE_IDENTIFIER = com.developersden.Stickies;
				PRODUCT_NAME = "$(TARGET_NAME)";
				SWIFT_VERSION = 5.0;
				TARGETED_DEVICE_FAMILY = 1;
			};
			name = Release;
		};
/* End XCBuildConfiguration section */

/* Begin XCConfigurationList section */
		0359ECBF23DE14DE00F4D326 /* Build configuration list for PBXProject "Stickies" */ = {
			isa = XCConfigurationList;
			buildConfigurations = (
				0359ECD623DE14E300F4D326 /* Debug */,
				0359ECD723DE14E300F4D326 /* Release */,
			);
			defaultConfigurationIsVisible = 0;
			defaultConfigurationName = Release;
		};
		0359ECD823DE14E300F4D326 /* Build configuration list for PBXNativeTarget "Stickies" */ = {
			isa = XCConfigurationList;
			buildConfigurations = (
				0359ECD923DE14E300F4D326 /* Debug */,
				0359ECDA23DE14E300F4D326 /* Release */,
			);
			defaultConfigurationIsVisible = 0;
			defaultConfigurationName = Release;
		};
/* End XCConfigurationList section */
	};
	rootObject = 0359ECBC23DE14DE00F4D326 /* Project object */;
}
